
Microsoft Visual Studio Solution File, Format Version 12.00
# Visual Studio 15
VisualStudioVersion = 15.0.28010.2048
MinimumVisualStudioVersion = 10.0.40219.1
Project("{FAE04EC0-301F-11D3-BF4B-00C04F79EFBC}") = "ScrumMasterWebApplication", "ScrumMasterWebApplication\ScrumMasterWebApplication.csproj", "{11706FD9-CF47-4DBF-AFC7-47F359BCA267}"
EndProject
Global
	GlobalSection(SolutionConfigurationPlatforms) = preSolution
		Debug|Any CPU = Debug|Any CPU
		Release|Any CPU = Release|Any CPU
	EndGlobalSection
	GlobalSection(ProjectConfigurationPlatforms) = postSolution
		{11706FD9-CF47-4DBF-AFC7-47F359BCA267}.Debug|Any CPU.ActiveCfg = Debug|Any CPU
		{11706FD9-CF47-4DBF-AFC7-47F359BCA267}.Debug|Any CPU.Build.0 = Debug|Any CPU
		{11706FD9-CF47-4DBF-AFC7-47F359BCA267}.Release|Any CPU.ActiveCfg = Release|Any CPU
		{11706FD9-CF47-4DBF-AFC7-47F359BCA267}.Release|Any CPU.Build.0 = Release|Any CPU
	EndGlobalSection
	GlobalSection(SolutionProperties) = preSolution
		HideSolutionNode = FALSE
	EndGlobalSection
	GlobalSection(ExtensibilityGlobals) = postSolution
		SolutionGuid = {69F6E044-985B-4932-AF6C-6B81B2F51FCA}
	EndGlobalSection
EndGlobal
